
Microsoft Visual Studio Solution File, Format Version 12.00
# Visual Studio Version 16
VisualStudioVersion = 16.0.30011.22
MinimumVisualStudioVersion = 10.0.40219.1
Project("{FAE04EC0-301F-11D3-BF4B-00C04F79EFBC}") = "TimetableTest", "TimetableTest\TimetableTest.csproj", "{4482E89E-9FAB-46A2-B8F8-F052EBFA474E}"
EndProject
Global
	GlobalSection(SolutionConfigurationPlatforms) = preSolution
		Debug|Any CPU = Debug|Any CPU
		Release|Any CPU = Release|Any CPU
	EndGlobalSection
	GlobalSection(ProjectConfigurationPlatforms) = postSolution
		{4482E89E-9FAB-46A2-B8F8-F052EBFA474E}.Debug|Any CPU.ActiveCfg = Debug|Any CPU
		{4482E89E-9FAB-46A2-B8F8-F052EBFA474E}.Debug|Any CPU.Build.0 = Debug|Any CPU
		{4482E89E-9FAB-46A2-B8F8-F052EBFA474E}.Release|Any CPU.ActiveCfg = Release|Any CPU
		{4482E89E-9FAB-46A2-B8F8-F052EBFA474E}.Release|Any CPU.Build.0 = Release|Any CPU
	EndGlobalSection
	GlobalSection(SolutionProperties) = preSolution
		HideSolutionNode = FALSE
	EndGlobalSection
	GlobalSection(ExtensibilityGlobals) = postSolution
		SolutionGuid = {8F1B6AE5-71EF-483C-9F09-CF77E01C26CB}
	EndGlobalSection
EndGlobal
